{
    "_readme": [
        "This file locks the dependencies of your project to a known state",
        "Read more about it at http://getcomposer.org/doc/01-basic-usage.md#composer-lock-the-lock-file",
        "This file is @generated automatically"
    ],
    "hash": "3fd45e8390d1ade0bafbe7373c0245ff",
    "packages": [
        {
            "name": "meniam/permutation",
            "version": "v1.0.0",
            "source": {
                "type": "git",
                "url": "git@github.com:meniam/permutation.git",
                "reference": "master"
            },
            "type": "library",
            "autoload": {
                "classmap": [
                    "src/"
                ]
            }
        }
    ],
    "packages-dev": [

    ],
    "aliases": [

    ],
    "minimum-stability": "stable",
    "stability-flags": [

    ],
    "prefer-stable": false,
    "platform": {
        "php": ">=5.4.0"
    },
    "platform-dev": {
        "php": ">=5.4.0"
    }
}
